{
  "name": "3D最新版本",
  "lockfileVersion": 3,
  "requires": true,
  "packages": {
    "": {
      "dependencies": {
        "vosk-browser": "^0.0.8"
      }
    },
    "node_modules/uuid": {
      "version": "9.0.0",
      "resolved": "https://registry.npmjs.org/uuid/-/uuid-9.0.0.tgz",
      "integrity": "sha512-MXcSTerfPa4uqyzStbRoTgt5XIe3x5+42+q1sDuy3R5MDk66URdLMOZe5aPX/SQd+kuYAh0FdP/pO28IkQyTeg==",
      "bin": {
        "uuid": "dist/bin/uuid"
      }
    },
    "node_modules/vosk-browser": {
      "version": "0.0.8",
      "resolved": "https://registry.npmjs.org/vosk-browser/-/vosk-browser-0.0.8.tgz",
      "integrity": "sha512-df9MuChirUGKxP/+4k8tBV6hJOic8IRdJXv64+ET0Ue5CddOzLZINiHOWCka765gBzHJWNtQKgaYakS0FXZIJA==",
      "dependencies": {
        "uuid": "9.0.0"
      }
    }
  }
}
